
Microsoft Visual Studio Solution File, Format Version 12.00
# Visual Studio 15
VisualStudioVersion = 15.0.28010.2046
MinimumVisualStudioVersion = 10.0.40219.1
Project("{9A19103F-16F7-4668-BE54-9A1E7A4F7556}") = "rawdata_pp_2", "rawdata_pp_2\rawdata_pp_2.csproj", "{2406B012-9671-4D95-9BA6-291B5B7BDD2A}"
EndProject
Project("{9A19103F-16F7-4668-BE54-9A1E7A4F7556}") = "DomainModel", "DataService\DomainModel.csproj", "{8DF15E5F-FEB6-4352-B7A6-93CC53431A7D}"
EndProject
Global
	GlobalSection(SolutionConfigurationPlatforms) = preSolution
		Debug|Any CPU = Debug|Any CPU
		Release|Any CPU = Release|Any CPU
	EndGlobalSection
	GlobalSection(ProjectConfigurationPlatforms) = postSolution
		{2406B012-9671-4D95-9BA6-291B5B7BDD2A}.Debug|Any CPU.ActiveCfg = Debug|Any CPU
		{2406B012-9671-4D95-9BA6-291B5B7BDD2A}.Debug|Any CPU.Build.0 = Debug|Any CPU
		{2406B012-9671-4D95-9BA6-291B5B7BDD2A}.Release|Any CPU.ActiveCfg = Release|Any CPU
		{2406B012-9671-4D95-9BA6-291B5B7BDD2A}.Release|Any CPU.Build.0 = Release|Any CPU
		{8DF15E5F-FEB6-4352-B7A6-93CC53431A7D}.Debug|Any CPU.ActiveCfg = Debug|Any CPU
		{8DF15E5F-FEB6-4352-B7A6-93CC53431A7D}.Debug|Any CPU.Build.0 = Debug|Any CPU
		{8DF15E5F-FEB6-4352-B7A6-93CC53431A7D}.Release|Any CPU.ActiveCfg = Release|Any CPU
		{8DF15E5F-FEB6-4352-B7A6-93CC53431A7D}.Release|Any CPU.Build.0 = Release|Any CPU
	EndGlobalSection
	GlobalSection(SolutionProperties) = preSolution
		HideSolutionNode = FALSE
	EndGlobalSection
	GlobalSection(ExtensibilityGlobals) = postSolution
		SolutionGuid = {B63584E1-ED7D-498F-8E91-BF6E621C13FC}
	EndGlobalSection
EndGlobal
